
Microsoft Visual Studio Solution File, Format Version 12.00
# Visual Studio Version 17
VisualStudioVersion = 17.8.34309.116
MinimumVisualStudioVersion = 10.0.40219.1
Project("{FAE04EC0-301F-11D3-BF4B-00C04F79EFBC}") = "TL_OOP_Projekt_KTA-23E", "TL_OOP_Projekt_KTA-23E\TL_OOP_Projekt_KTA-23E.csproj", "{94489CDD-CA66-476C-A7C6-A20E90751C19}"
EndProject
Global
	GlobalSection(SolutionConfigurationPlatforms) = preSolution
		Debug|Any CPU = Debug|Any CPU
		Release|Any CPU = Release|Any CPU
	EndGlobalSection
	GlobalSection(ProjectConfigurationPlatforms) = postSolution
		{94489CDD-CA66-476C-A7C6-A20E90751C19}.Debug|Any CPU.ActiveCfg = Debug|Any CPU
		{94489CDD-CA66-476C-A7C6-A20E90751C19}.Debug|Any CPU.Build.0 = Debug|Any CPU
		{94489CDD-CA66-476C-A7C6-A20E90751C19}.Release|Any CPU.ActiveCfg = Release|Any CPU
		{94489CDD-CA66-476C-A7C6-A20E90751C19}.Release|Any CPU.Build.0 = Release|Any CPU
	EndGlobalSection
	GlobalSection(SolutionProperties) = preSolution
		HideSolutionNode = FALSE
	EndGlobalSection
	GlobalSection(ExtensibilityGlobals) = postSolution
		SolutionGuid = {FEF75322-341C-438F-BFC0-4C68793DBE85}
	EndGlobalSection
EndGlobal
